// !$*UTF8*$!
{
	archiveVersion = 1;
	classes = {
	};
	objectVersion = 46;
	objects = {

/* Begin PBXBuildFile section */
		14440E671CD09BE100420896 /* main.m in Sources */ = {isa = PBXBuildFile; fileRef = 14440E661CD09BE100420896 /* main.m */; };
		14440E6A1CD09BE100420896 /* AppDelegate.m in Sources */ = {isa = PBXBuildFile; fileRef = 14440E691CD09BE100420896 /* AppDelegate.m */; };
		14440E6D1CD09BE100420896 /* ViewController.m in Sources */ = {isa = PBXBuildFile; fileRef = 14440E6C1CD09BE100420896 /* ViewController.m */; };
		14440E701CD09BE100420896 /* Main.storyboard in Resources */ = {isa = PBXBuildFile; fileRef = 14440E6E1CD09BE100420896 /* Main.storyboard */; };
		14440E731CD09BE100420896 /* CoreData_GuruCrafter.xcdatamodeld in Sources */ = {isa = PBXBuildFile; fileRef = 14440E711CD09BE100420896 /* CoreData_GuruCrafter.xcdatamodeld */; };
		14440E751CD09BE100420896 /* Assets.xcassets in Resources */ = {isa = PBXBuildFile; fileRef = 14440E741CD09BE100420896 /* Assets.xcassets */; };
		14440E781CD09BE100420896 /* LaunchScreen.storyboard in Resources */ = {isa = PBXBuildFile; fileRef = 14440E761CD09BE100420896 /* LaunchScreen.storyboard */; };
		14440E811CD09D4400420896 /* EKDataManager.m in Sources */ = {isa = PBXBuildFile; fileRef = 14440E801CD09D4400420896 /* EKDataManager.m */; };
		14440E831CD09F2C00420896 /* Read.me in Resources */ = {isa = PBXBuildFile; fileRef = 14440E821CD09F2C00420896 /* Read.me */; };
		14440E871CD0A3B000420896 /* EKCoreDataViewController.m in Sources */ = {isa = PBXBuildFile; fileRef = 14440E861CD0A3B000420896 /* EKCoreDataViewController.m */; };
/* End PBXBuildFile section */

/* Begin PBXFileReference section */
		14440E621CD09BE100420896 /* CoreData-GuruCrafter.app */ = {isa = PBXFileReference; explicitFileType = wrapper.application; includeInIndex = 0; path = "CoreData-GuruCrafter.app"; sourceTree = BUILT_PRODUCTS_DIR; };
		14440E661CD09BE100420896 /* main.m */ = {isa = PBXFileReference; lastKnownFileType = sourcecode.c.objc; path = main.m; sourceTree = "<group>"; };
		14440E681CD09BE100420896 /* AppDelegate.h */ = {isa = PBXFileReference; lastKnownFileType = sourcecode.c.h; path = AppDelegate.h; sourceTree = "<group>"; };
		14440E691CD09BE100420896 /* AppDelegate.m */ = {isa = PBXFileReference; lastKnownFileType = sourcecode.c.objc; path = AppDelegate.m; sourceTree = "<group>"; };
		14440E6B1CD09BE100420896 /* ViewController.h */ = {isa = PBXFileReference; lastKnownFileType = sourcecode.c.h; path = ViewController.h; sourceTree = "<group>"; };
		14440E6C1CD09BE100420896 /* ViewController.m */ = {isa = PBXFileReference; lastKnownFileType = sourcecode.c.objc; path = ViewController.m; sourceTree = "<group>"; };
		14440E6F1CD09BE100420896 /* Base */ = {isa = PBXFileReference; lastKnownFileType = file.storyboard; name = Base; path = Base.lproj/Main.storyboard; sourceTree = "<group>"; };
		14440E721CD09BE100420896 /* CoreData_GuruCrafter.xcdatamodel */ = {isa = PBXFileReference; lastKnownFileType = wrapper.xcdatamodel; path = CoreData_GuruCrafter.xcdatamodel; sourceTree = "<group>"; };
		14440E741CD09BE100420896 /* Assets.xcassets */ = {isa = PBXFileReference; lastKnownFileType = folder.assetcatalog; path = Assets.xcassets; sourceTree = "<group>"; };
		14440E771CD09BE100420896 /* Base */ = {isa = PBXFileReference; lastKnownFileType = file.storyboard; name = Base; path = Base.lproj/LaunchScreen.storyboard; sourceTree = "<group>"; };
		14440E791CD09BE100420896 /* Info.plist */ = {isa = PBXFileReference; lastKnownFileType = text.plist.xml; path = Info.plist; sourceTree = "<group>"; };
		14440E7F1CD09D4400420896 /* EKDataManager.h */ = {isa = PBXFileReference; fileEncoding = 4; lastKnownFileType = sourcecode.c.h; path = EKDataManager.h; sourceTree = "<group>"; };
		14440E801CD09D4400420896 /* EKDataManager.m */ = {isa = PBXFileReference; fileEncoding = 4; lastKnownFileType = sourcecode.c.objc; path = EKDataManager.m; sourceTree = "<group>"; };
		14440E821CD09F2C00420896 /* Read.me */ = {isa = PBXFileReference; fileEncoding = 4; lastKnownFileType = text; path = Read.me; sourceTree = "<group>"; };
		14440E851CD0A3B000420896 /* EKCoreDataViewController.h */ = {isa = PBXFileReference; fileEncoding = 4; lastKnownFileType = sourcecode.c.h; path = EKCoreDataViewController.h; sourceTree = "<group>"; };
		14440E861CD0A3B000420896 /* EKCoreDataViewController.m */ = {isa = PBXFileReference; fileEncoding = 4; lastKnownFileType = sourcecode.c.objc; path = EKCoreDataViewController.m; sourceTree = "<group>"; };
/* End PBXFileReference section */

/* Begin PBXFrameworksBuildPhase section */
		14440E5F1CD09BE100420896 /* Frameworks */ = {
			isa = PBXFrameworksBuildPhase;
			buildActionMask = 2147483647;
			files = (
			);
			runOnlyForDeploymentPostprocessing = 0;
		};
/* End PBXFrameworksBuildPhase section */

/* Begin PBXGroup section */
		14440E591CD09BE100420896 = {
			isa = PBXGroup;
			children = (
				14440E821CD09F2C00420896 /* Read.me */,
				14440E641CD09BE100420896 /* CoreData-GuruCrafter */,
				14440E631CD09BE100420896 /* Products */,
			);
			sourceTree = "<group>";
		};
		14440E631CD09BE100420896 /* Products */ = {
			isa = PBXGroup;
			children = (
				14440E621CD09BE100420896 /* CoreData-GuruCrafter.app */,
			);
			name = Products;
			sourceTree = "<group>";
		};
		14440E641CD09BE100420896 /* CoreData-GuruCrafter */ = {
			isa = PBXGroup;
			children = (
				14440E681CD09BE100420896 /* AppDelegate.h */,
				14440E841CD0A37B00420896 /* View Controllers */,
				14440E691CD09BE100420896 /* AppDelegate.m */,
				14440E7F1CD09D4400420896 /* EKDataManager.h */,
				14440E801CD09D4400420896 /* EKDataManager.m */,
				14440E6B1CD09BE100420896 /* ViewController.h */,
				14440E6C1CD09BE100420896 /* ViewController.m */,
				14440E6E1CD09BE100420896 /* Main.storyboard */,
				14440E741CD09BE100420896 /* Assets.xcassets */,
				14440E761CD09BE100420896 /* LaunchScreen.storyboard */,
				14440E791CD09BE100420896 /* Info.plist */,
				14440E711CD09BE100420896 /* CoreData_GuruCrafter.xcdatamodeld */,
				14440E651CD09BE100420896 /* Supporting Files */,
			);
			path = "CoreData-GuruCrafter";
			sourceTree = "<group>";
		};
		14440E651CD09BE100420896 /* Supporting Files */ = {
			isa = PBXGroup;
			children = (
				14440E661CD09BE100420896 /* main.m */,
			);
			name = "Supporting Files";
			sourceTree = "<group>";
		};
		14440E841CD0A37B00420896 /* View Controllers */ = {
			isa = PBXGroup;
			children = (
				14440E851CD0A3B000420896 /* EKCoreDataViewController.h */,
				14440E861CD0A3B000420896 /* EKCoreDataViewController.m */,
			);
			name = "View Controllers";
			sourceTree = "<group>";
		};
/* End PBXGroup section */

/* Begin PBXNativeTarget section */
		14440E611CD09BE100420896 /* CoreData-GuruCrafter */ = {
			isa = PBXNativeTarget;
			buildConfigurationList = 14440E7C1CD09BE100420896 /* Build configuration list for PBXNativeTarget "CoreData-GuruCrafter" */;
			buildPhases = (
				14440E5E1CD09BE100420896 /* Sources */,
				14440E5F1CD09BE100420896 /* Frameworks */,
				14440E601CD09BE100420896 /* Resources */,
			);
			buildRules = (
			);
			dependencies = (
			);
			name = "CoreData-GuruCrafter";
			productName = "CoreData-GuruCrafter";
			productReference = 14440E621CD09BE100420896 /* CoreData-GuruCrafter.app */;
			productType = "com.apple.product-type.application";
		};
/* End PBXNativeTarget section */

/* Begin PBXProject section */
		14440E5A1CD09BE100420896 /* Project object */ = {
			isa = PBXProject;
			attributes = {
				CLASSPREFIX = EK;
				LastUpgradeCheck = 0730;
				ORGANIZATIONNAME = Kyralesov;
				TargetAttributes = {
					14440E611CD09BE100420896 = {
						CreatedOnToolsVersion = 7.3;
						DevelopmentTeam = GT4WSWF94H;
					};
				};
			};
			buildConfigurationList = 14440E5D1CD09BE100420896 /* Build configuration list for PBXProject "CoreData-GuruCrafter" */;
			compatibilityVersion = "Xcode 3.2";
			developmentRegion = English;
			hasScannedForEncodings = 0;
			knownRegions = (
				en,
				Base,
			);
			mainGroup = 14440E591CD09BE100420896;
			productRefGroup = 14440E631CD09BE100420896 /* Products */;
			projectDirPath = "";
			projectRoot = "";
			targets = (
				14440E611CD09BE100420896 /* CoreData-GuruCrafter */,
			);
		};
/* End PBXProject section */

/* Begin PBXResourcesBuildPhase section */
		14440E601CD09BE100420896 /* Resources */ = {
			isa = PBXResourcesBuildPhase;
			buildActionMask = 2147483647;
			files = (
				14440E781CD09BE100420896 /* LaunchScreen.storyboard in Resources */,
				14440E751CD09BE100420896 /* Assets.xcassets in Resources */,
				14440E701CD09BE100420896 /* Main.storyboard in Resources */,
				14440E831CD09F2C00420896 /* Read.me in Resources */,
			);
			runOnlyForDeploymentPostprocessing = 0;
		};
/* End PBXResourcesBuildPhase section */

/* Begin PBXSourcesBuildPhase section */
		14440E5E1CD09BE100420896 /* Sources */ = {
			isa = PBXSourcesBuildPhase;
			buildActionMask = 2147483647;
			files = (
				14440E6D1CD09BE100420896 /* ViewController.m in Sources */,
				14440E871CD0A3B000420896 /* EKCoreDataViewController.m in Sources */,
				14440E811CD09D4400420896 /* EKDataManager.m in Sources */,
				14440E6A1CD09BE100420896 /* AppDelegate.m in Sources */,
				14440E671CD09BE100420896 /* main.m in Sources */,
				14440E731CD09BE100420896 /* CoreData_GuruCrafter.xcdatamodeld in Sources */,
			);
			runOnlyForDeploymentPostprocessing = 0;
		};
/* End PBXSourcesBuildPhase section */

/* Begin PBXVariantGroup section */
		14440E6E1CD09BE100420896 /* Main.storyboard */ = {
			isa = PBXVariantGroup;
			children = (
				14440E6F1CD09BE100420896 /* Base */,
			);
			name = Main.storyboard;
			sourceTree = "<group>";
		};
		14440E761CD09BE100420896 /* LaunchScreen.storyboard */ = {
			isa = PBXVariantGroup;
			children = (
				14440E771CD09BE100420896 /* Base */,
			);
			name = LaunchScreen.storyboard;
			sourceTree = "<group>";
		};
/* End PBXVariantGroup section */

/* Begin XCBuildConfiguration section */
		14440E7A1CD09BE100420896 /* Debug */ = {
			isa = XCBuildConfiguration;
			buildSettings = {
				ALWAYS_SEARCH_USER_PATHS = NO;
				CLANG_ANALYZER_NONNULL = YES;
				CLANG_CXX_LANGUAGE_STANDARD = "gnu++0x";
				CLANG_CXX_LIBRARY = "libc++";
				CLANG_ENABLE_MODULES = YES;
				CLANG_ENABLE_OBJC_ARC = YES;
				CLANG_WARN_BOOL_CONVERSION = YES;
				CLANG_WARN_CONSTANT_CONVERSION = YES;
				CLANG_WARN_DIRECT_OBJC_ISA_USAGE = YES_ERROR;
				CLANG_WARN_EMPTY_BODY = YES;
				CLANG_WARN_ENUM_CONVERSION = YES;
				CLANG_WARN_INT_CONVERSION = YES;
				CLANG_WARN_OBJC_ROOT_CLASS = YES_ERROR;
				CLANG_WARN_UNREACHABLE_CODE = YES;
				CLANG_WARN__DUPLICATE_METHOD_MATCH = YES;
				"CODE_SIGN_IDENTITY[sdk=iphoneos*]" = "iPhone Developer";
				COPY_PHASE_STRIP = NO;
				DEBUG_INFORMATION_FORMAT = dwarf;
				ENABLE_STRICT_OBJC_MSGSEND = YES;
				ENABLE_TESTABILITY = YES;
				GCC_C_LANGUAGE_STANDARD = gnu99;
				GCC_DYNAMIC_NO_PIC = NO;
				GCC_NO_COMMON_BLOCKS = YES;
				GCC_OPTIMIZATION_LEVEL = 0;
				GCC_PREPROCESSOR_DEFINITIONS = (
					"DEBUG=1",
					"$(inherited)",
				);
				GCC_WARN_64_TO_32_BIT_CONVERSION = YES;
				GCC_WARN_ABOUT_RETURN_TYPE = YES_ERROR;
				GCC_WARN_UNDECLARED_SELECTOR = YES;
				GCC_WARN_UNINITIALIZED_AUTOS = YES_AGGRESSIVE;
				GCC_WARN_UNUSED_FUNCTION = YES;
				GCC_WARN_UNUSED_VARIABLE = YES;
				IPHONEOS_DEPLOYMENT_TARGET = 9.3;
				MTL_ENABLE_DEBUG_INFO = YES;
				ONLY_ACTIVE_ARCH = YES;
				SDKROOT = iphoneos;
				TARGETED_DEVICE_FAMILY = "1,2";
			};
			name = Debug;
		};
		14440E7B1CD09BE100420896 /* Release */ = {
			isa = XCBuildConfiguration;
			buildSettings = {
				ALWAYS_SEARCH_USER_PATHS = NO;
				CLANG_ANALYZER_NONNULL = YES;
				CLANG_CXX_LANGUAGE_STANDARD = "gnu++0x";
				CLANG_CXX_LIBRARY = "libc++";
				CLANG_ENABLE_MODULES = YES;
				CLANG_ENABLE_OBJC_ARC = YES;
				CLANG_WARN_BOOL_CONVERSION = YES;
				CLANG_WARN_CONSTANT_CONVERSION = YES;
				CLANG_WARN_DIRECT_OBJC_ISA_USAGE = YES_ERROR;
				CLANG_WARN_EMPTY_BODY = YES;
				CLANG_WARN_ENUM_CONVERSION = YES;
				CLANG_WARN_INT_CONVERSION = YES;
				CLANG_WARN_OBJC_ROOT_CLASS = YES_ERROR;
				CLANG_WARN_UNREACHABLE_CODE = YES;
				CLANG_WARN__DUPLICATE_METHOD_MATCH = YES;
				"CODE_SIGN_IDENTITY[sdk=iphoneos*]" = "iPhone Developer";
				COPY_PHASE_STRIP = NO;
				DEBUG_INFORMATION_FORMAT = "dwarf-with-dsym";
				ENABLE_NS_ASSERTIONS = NO;
				ENABLE_STRICT_OBJC_MSGSEND = YES;
				GCC_C_LANGUAGE_STANDARD = gnu99;
				GCC_NO_COMMON_BLOCKS = YES;
				GCC_WARN_64_TO_32_BIT_CONVERSION = YES;
				GCC_WARN_ABOUT_RETURN_TYPE = YES_ERROR;
				GCC_WARN_UNDECLARED_SELECTOR = YES;
				GCC_WARN_UNINITIALIZED_AUTOS = YES_AGGRESSIVE;
				GCC_WARN_UNUSED_FUNCTION = YES;
				GCC_WARN_UNUSED_VARIABLE = YES;
				IPHONEOS_DEPLOYMENT_TARGET = 9.3;
				MTL_ENABLE_DEBUG_INFO = NO;
				SDKROOT = iphoneos;
				TARGETED_DEVICE_FAMILY = "1,2";
				VALIDATE_PRODUCT = YES;
			};
			name = Release;
		};
		14440E7D1CD09BE100420896 /* Debug */ = {
			isa = XCBuildConfiguration;
			buildSettings = {
				ASSETCATALOG_COMPILER_APPICON_NAME = AppIcon;
				INFOPLIST_FILE = "CoreData-GuruCrafter/Info.plist";
				LD_RUNPATH_SEARCH_PATHS = "$(inherited) @executable_path/Frameworks";
				PRODUCT_BUNDLE_IDENTIFIER = "kyralesov.com.CoreData-GuruCrafter";
				PRODUCT_NAME = "$(TARGET_NAME)";
			};
			name = Debug;
		};
		14440E7E1CD09BE100420896 /* Release */ = {
			isa = XCBuildConfiguration;
			buildSettings = {
				ASSETCATALOG_COMPILER_APPICON_NAME = AppIcon;
				INFOPLIST_FILE = "CoreData-GuruCrafter/Info.plist";
				LD_RUNPATH_SEARCH_PATHS = "$(inherited) @executable_path/Frameworks";
				PRODUCT_BUNDLE_IDENTIFIER = "kyralesov.com.CoreData-GuruCrafter";
				PRODUCT_NAME = "$(TARGET_NAME)";
			};
			name = Release;
		};
/* End XCBuildConfiguration section */

/* Begin XCConfigurationList section */
		14440E5D1CD09BE100420896 /* Build configuration list for PBXProject "CoreData-GuruCrafter" */ = {
			isa = XCConfigurationList;
			buildConfigurations = (
				14440E7A1CD09BE100420896 /* Debug */,
				14440E7B1CD09BE100420896 /* Release */,
			);
			defaultConfigurationIsVisible = 0;
			defaultConfigurationName = Release;
		};
		14440E7C1CD09BE100420896 /* Build configuration list for PBXNativeTarget "CoreData-GuruCrafter" */ = {
			isa = XCConfigurationList;
			buildConfigurations = (
				14440E7D1CD09BE100420896 /* Debug */,
				14440E7E1CD09BE100420896 /* Release */,
			);
			defaultConfigurationIsVisible = 0;
		};
/* End XCConfigurationList section */

/* Begin XCVersionGroup section */
		14440E711CD09BE100420896 /* CoreData_GuruCrafter.xcdatamodeld */ = {
			isa = XCVersionGroup;
			children = (
				14440E721CD09BE100420896 /* CoreData_GuruCrafter.xcdatamodel */,
			);
			currentVersion = 14440E721CD09BE100420896 /* CoreData_GuruCrafter.xcdatamodel */;
			path = CoreData_GuruCrafter.xcdatamodeld;
			sourceTree = "<group>";
			versionGroupType = wrapper.xcdatamodel;
		};
/* End XCVersionGroup section */
	};
	rootObject = 14440E5A1CD09BE100420896 /* Project object */;
}
